// !$*UTF8*$!
{
	archiveVersion = 1;
	classes = {
	};
	objectVersion = 55;
	objects = {

/* Begin PBXBuildFile section */
		361996762798745E00B4048A /* SignUpPresenterTests.swift in Sources */ = {isa = PBXBuildFile; fileRef = 361996752798745E00B4048A /* SignUpPresenterTests.swift */; };
		361996782798754E00B4048A /* SignupFormModel.swift in Sources */ = {isa = PBXBuildFile; fileRef = 361996772798754E00B4048A /* SignupFormModel.swift */; };
		3619967A2798766300B4048A /* SignUpPresenter.swift in Sources */ = {isa = PBXBuildFile; fileRef = 361996792798766300B4048A /* SignUpPresenter.swift */; };
		3619967C2798773700B4048A /* MockSignUpModelValidator.swift in Sources */ = {isa = PBXBuildFile; fileRef = 3619967B2798773700B4048A /* MockSignUpModelValidator.swift */; };
		3625BA3A27A43EAD00716CC8 /* LoginViewController.swift in Sources */ = {isa = PBXBuildFile; fileRef = 3625BA3927A43EAD00716CC8 /* LoginViewController.swift */; };
		3625BA3C27A4401300716CC8 /* LoginViewControllerTest.swift in Sources */ = {isa = PBXBuildFile; fileRef = 3625BA3B27A4401300716CC8 /* LoginViewControllerTest.swift */; };
		362618CA279EFAF000A1E206 /* ViewControllerTest.swift in Sources */ = {isa = PBXBuildFile; fileRef = 362618C9279EFAF000A1E206 /* ViewControllerTest.swift */; };
		362618D127A059D500A1E206 /* LoadingViewControllerTest.swift in Sources */ = {isa = PBXBuildFile; fileRef = 362618D027A059D500A1E206 /* LoadingViewControllerTest.swift */; };
		362618D327A05A3500A1E206 /* LoadingViewController.swift in Sources */ = {isa = PBXBuildFile; fileRef = 362618D227A05A3500A1E206 /* LoadingViewController.swift */; };
		362618D627A05AE200A1E206 /* XIBViewController.swift in Sources */ = {isa = PBXBuildFile; fileRef = 362618D427A05AE200A1E206 /* XIBViewController.swift */; };
		362618D727A05AE200A1E206 /* XIBViewController.xib in Resources */ = {isa = PBXBuildFile; fileRef = 362618D527A05AE200A1E206 /* XIBViewController.xib */; };
		362618D927A05BB900A1E206 /* CodeBasedViewController.swift in Sources */ = {isa = PBXBuildFile; fileRef = 362618D827A05BB900A1E206 /* CodeBasedViewController.swift */; };
		362618DB27A0683300A1E206 /* CharacterFormError.swift in Sources */ = {isa = PBXBuildFile; fileRef = 362618DA27A0683300A1E206 /* CharacterFormError.swift */; };
		362618DD27A0685600A1E206 /* CharacterFormModelValidator.swift in Sources */ = {isa = PBXBuildFile; fileRef = 362618DC27A0685600A1E206 /* CharacterFormModelValidator.swift */; };
		362618DF27A0691F00A1E206 /* CharacterFormTest.swift in Sources */ = {isa = PBXBuildFile; fileRef = 362618DE27A0691F00A1E206 /* CharacterFormTest.swift */; };
		36EBDB2E27980E7D00EB435C /* SignupWebServiceTests.swift in Sources */ = {isa = PBXBuildFile; fileRef = 36EBDB2D27980E7D00EB435C /* SignupWebServiceTests.swift */; };
		36EBDB3027980EFF00EB435C /* SignUpWebServices.swift in Sources */ = {isa = PBXBuildFile; fileRef = 36EBDB2F27980EFF00EB435C /* SignUpWebServices.swift */; };
		36EBDB3227980FCA00EB435C /* SignUpFormRequestModel.swift in Sources */ = {isa = PBXBuildFile; fileRef = 36EBDB3127980FCA00EB435C /* SignUpFormRequestModel.swift */; };
		36EBDB342798117300EB435C /* SignUpResponseModel.swift in Sources */ = {isa = PBXBuildFile; fileRef = 36EBDB332798117300EB435C /* SignUpResponseModel.swift */; };
		36EBDB362798120200EB435C /* SignUpError.swift in Sources */ = {isa = PBXBuildFile; fileRef = 36EBDB352798120200EB435C /* SignUpError.swift */; };
		36EBDB3F2798500400EB435C /* MockUrlProtocol.swift in Sources */ = {isa = PBXBuildFile; fileRef = 36EBDB3E2798500400EB435C /* MockUrlProtocol.swift */; };
		36ECD11B278E89C600557DB1 /* SignUpFormModelValidatorTest.swift in Sources */ = {isa = PBXBuildFile; fileRef = 36ECD11A278E89C600557DB1 /* SignUpFormModelValidatorTest.swift */; };
		36ECD11D278E8AA500557DB1 /* SignUpFormModelValidator.swift in Sources */ = {isa = PBXBuildFile; fileRef = 36ECD11C278E8AA500557DB1 /* SignUpFormModelValidator.swift */; };
		36ECD11F278E941D00557DB1 /* SignUpConstants.swift in Sources */ = {isa = PBXBuildFile; fileRef = 36ECD11E278E941D00557DB1 /* SignUpConstants.swift */; };
		4CF3DEA8278BDC8800BAAF6C /* AppDelegate.swift in Sources */ = {isa = PBXBuildFile; fileRef = 4CF3DEA7278BDC8800BAAF6C /* AppDelegate.swift */; };
		4CF3DEAA278BDC8800BAAF6C /* SceneDelegate.swift in Sources */ = {isa = PBXBuildFile; fileRef = 4CF3DEA9278BDC8800BAAF6C /* SceneDelegate.swift */; };
		4CF3DEAC278BDC8800BAAF6C /* ViewController.swift in Sources */ = {isa = PBXBuildFile; fileRef = 4CF3DEAB278BDC8800BAAF6C /* ViewController.swift */; };
		4CF3DEAF278BDC8800BAAF6C /* Main.storyboard in Resources */ = {isa = PBXBuildFile; fileRef = 4CF3DEAD278BDC8800BAAF6C /* Main.storyboard */; };
		4CF3DEB1278BDC8800BAAF6C /* Assets.xcassets in Resources */ = {isa = PBXBuildFile; fileRef = 4CF3DEB0278BDC8800BAAF6C /* Assets.xcassets */; };
		4CF3DEB4278BDC8800BAAF6C /* LaunchScreen.storyboard in Resources */ = {isa = PBXBuildFile; fileRef = 4CF3DEB2278BDC8800BAAF6C /* LaunchScreen.storyboard */; };
		4CF3DEBF278BDC8800BAAF6C /* Udemy_UnitTestingSwiftMobileAppTests.swift in Sources */ = {isa = PBXBuildFile; fileRef = 4CF3DEBE278BDC8800BAAF6C /* Udemy_UnitTestingSwiftMobileAppTests.swift */; };
		4CF3DEC9278BDC8800BAAF6C /* Udemy_UnitTestingSwiftMobileAppUITests.swift in Sources */ = {isa = PBXBuildFile; fileRef = 4CF3DEC8278BDC8800BAAF6C /* Udemy_UnitTestingSwiftMobileAppUITests.swift */; };
		4CF3DECB278BDC8800BAAF6C /* Udemy_UnitTestingSwiftMobileAppUITestsLaunchTests.swift in Sources */ = {isa = PBXBuildFile; fileRef = 4CF3DECA278BDC8800BAAF6C /* Udemy_UnitTestingSwiftMobileAppUITestsLaunchTests.swift */; };
		4CF3DED8278C074400BAAF6C /* UserModelTest.swift in Sources */ = {isa = PBXBuildFile; fileRef = 4CF3DED7278C074400BAAF6C /* UserModelTest.swift */; };
/* End PBXBuildFile section */

/* Begin PBXContainerItemProxy section */
		4CF3DEBB278BDC8800BAAF6C /* PBXContainerItemProxy */ = {
			isa = PBXContainerItemProxy;
			containerPortal = 4CF3DE9C278BDC8700BAAF6C /* Project object */;
			proxyType = 1;
			remoteGlobalIDString = 4CF3DEA3278BDC8700BAAF6C;
			remoteInfo = Udemy_UnitTestingSwiftMobileApp;
		};
		4CF3DEC5278BDC8800BAAF6C /* PBXContainerItemProxy */ = {
			isa = PBXContainerItemProxy;
			containerPortal = 4CF3DE9C278BDC8700BAAF6C /* Project object */;
			proxyType = 1;
			remoteGlobalIDString = 4CF3DEA3278BDC8700BAAF6C;
			remoteInfo = Udemy_UnitTestingSwiftMobileApp;
		};
/* End PBXContainerItemProxy section */

/* Begin PBXFileReference section */
		361996752798745E00B4048A /* SignUpPresenterTests.swift */ = {isa = PBXFileReference; lastKnownFileType = sourcecode.swift; path = SignUpPresenterTests.swift; sourceTree = "<group>"; };
		361996772798754E00B4048A /* SignupFormModel.swift */ = {isa = PBXFileReference; lastKnownFileType = sourcecode.swift; path = SignupFormModel.swift; sourceTree = "<group>"; };
		361996792798766300B4048A /* SignUpPresenter.swift */ = {isa = PBXFileReference; lastKnownFileType = sourcecode.swift; path = SignUpPresenter.swift; sourceTree = "<group>"; };
		3619967B2798773700B4048A /* MockSignUpModelValidator.swift */ = {isa = PBXFileReference; lastKnownFileType = sourcecode.swift; path = MockSignUpModelValidator.swift; sourceTree = "<group>"; };
		3625BA3927A43EAD00716CC8 /* LoginViewController.swift */ = {isa = PBXFileReference; lastKnownFileType = sourcecode.swift; path = LoginViewController.swift; sourceTree = "<group>"; };
		3625BA3B27A4401300716CC8 /* LoginViewControllerTest.swift */ = {isa = PBXFileReference; lastKnownFileType = sourcecode.swift; path = LoginViewControllerTest.swift; sourceTree = "<group>"; };
		362618C9279EFAF000A1E206 /* ViewControllerTest.swift */ = {isa = PBXFileReference; lastKnownFileType = sourcecode.swift; path = ViewControllerTest.swift; sourceTree = "<group>"; };
		362618D027A059D500A1E206 /* LoadingViewControllerTest.swift */ = {isa = PBXFileReference; lastKnownFileType = sourcecode.swift; path = LoadingViewControllerTest.swift; sourceTree = "<group>"; };
		362618D227A05A3500A1E206 /* LoadingViewController.swift */ = {isa = PBXFileReference; lastKnownFileType = sourcecode.swift; path = LoadingViewController.swift; sourceTree = "<group>"; };
		362618D427A05AE200A1E206 /* XIBViewController.swift */ = {isa = PBXFileReference; lastKnownFileType = sourcecode.swift; path = XIBViewController.swift; sourceTree = "<group>"; };
		362618D527A05AE200A1E206 /* XIBViewController.xib */ = {isa = PBXFileReference; lastKnownFileType = file.xib; path = XIBViewController.xib; sourceTree = "<group>"; };
		362618D827A05BB900A1E206 /* CodeBasedViewController.swift */ = {isa = PBXFileReference; lastKnownFileType = sourcecode.swift; path = CodeBasedViewController.swift; sourceTree = "<group>"; };
		362618DA27A0683300A1E206 /* CharacterFormError.swift */ = {isa = PBXFileReference; lastKnownFileType = sourcecode.swift; path = CharacterFormError.swift; sourceTree = "<group>"; };
		362618DC27A0685600A1E206 /* CharacterFormModelValidator.swift */ = {isa = PBXFileReference; lastKnownFileType = sourcecode.swift; path = CharacterFormModelValidator.swift; sourceTree = "<group>"; };
		362618DE27A0691F00A1E206 /* CharacterFormTest.swift */ = {isa = PBXFileReference; lastKnownFileType = sourcecode.swift; path = CharacterFormTest.swift; sourceTree = "<group>"; };
		36EBDB2D27980E7D00EB435C /* SignupWebServiceTests.swift */ = {isa = PBXFileReference; lastKnownFileType = sourcecode.swift; path = SignupWebServiceTests.swift; sourceTree = "<group>"; };
		36EBDB2F27980EFF00EB435C /* SignUpWebServices.swift */ = {isa = PBXFileReference; lastKnownFileType = sourcecode.swift; path = SignUpWebServices.swift; sourceTree = "<group>"; };
		36EBDB3127980FCA00EB435C /* SignUpFormRequestModel.swift */ = {isa = PBXFileReference; lastKnownFileType = sourcecode.swift; path = SignUpFormRequestModel.swift; sourceTree = "<group>"; };
		36EBDB332798117300EB435C /* SignUpResponseModel.swift */ = {isa = PBXFileReference; lastKnownFileType = sourcecode.swift; path = SignUpResponseModel.swift; sourceTree = "<group>"; };
		36EBDB352798120200EB435C /* SignUpError.swift */ = {isa = PBXFileReference; lastKnownFileType = sourcecode.swift; path = SignUpError.swift; sourceTree = "<group>"; };
		36EBDB3E2798500400EB435C /* MockUrlProtocol.swift */ = {isa = PBXFileReference; lastKnownFileType = sourcecode.swift; path = MockUrlProtocol.swift; sourceTree = "<group>"; };
		36ECD11A278E89C600557DB1 /* SignUpFormModelValidatorTest.swift */ = {isa = PBXFileReference; lastKnownFileType = sourcecode.swift; path = SignUpFormModelValidatorTest.swift; sourceTree = "<group>"; };
		36ECD11C278E8AA500557DB1 /* SignUpFormModelValidator.swift */ = {isa = PBXFileReference; lastKnownFileType = sourcecode.swift; path = SignUpFormModelValidator.swift; sourceTree = "<group>"; };
		36ECD11E278E941D00557DB1 /* SignUpConstants.swift */ = {isa = PBXFileReference; lastKnownFileType = sourcecode.swift; path = SignUpConstants.swift; sourceTree = "<group>"; };
		4CF3DEA4278BDC8800BAAF6C /* Udemy_UnitTestingSwiftMobileApp.app */ = {isa = PBXFileReference; explicitFileType = wrapper.application; includeInIndex = 0; path = Udemy_UnitTestingSwiftMobileApp.app; sourceTree = BUILT_PRODUCTS_DIR; };
		4CF3DEA7278BDC8800BAAF6C /* AppDelegate.swift */ = {isa = PBXFileReference; lastKnownFileType = sourcecode.swift; path = AppDelegate.swift; sourceTree = "<group>"; };
		4CF3DEA9278BDC8800BAAF6C /* SceneDelegate.swift */ = {isa = PBXFileReference; lastKnownFileType = sourcecode.swift; path = SceneDelegate.swift; sourceTree = "<group>"; };
		4CF3DEAB278BDC8800BAAF6C /* ViewController.swift */ = {isa = PBXFileReference; lastKnownFileType = sourcecode.swift; path = ViewController.swift; sourceTree = "<group>"; };
		4CF3DEAE278BDC8800BAAF6C /* Base */ = {isa = PBXFileReference; lastKnownFileType = file.storyboard; name = Base; path = Base.lproj/Main.storyboard; sourceTree = "<group>"; };
		4CF3DEB0278BDC8800BAAF6C /* Assets.xcassets */ = {isa = PBXFileReference; lastKnownFileType = folder.assetcatalog; path = Assets.xcassets; sourceTree = "<group>"; };
		4CF3DEB3278BDC8800BAAF6C /* Base */ = {isa = PBXFileReference; lastKnownFileType = file.storyboard; name = Base; path = Base.lproj/LaunchScreen.storyboard; sourceTree = "<group>"; };
		4CF3DEB5278BDC8800BAAF6C /* Info.plist */ = {isa = PBXFileReference; lastKnownFileType = text.plist.xml; path = Info.plist; sourceTree = "<group>"; };
		4CF3DEBA278BDC8800BAAF6C /* Udemy_UnitTestingSwiftMobileAppTests.xctest */ = {isa = PBXFileReference; explicitFileType = wrapper.cfbundle; includeInIndex = 0; path = Udemy_UnitTestingSwiftMobileAppTests.xctest; sourceTree = BUILT_PRODUCTS_DIR; };
		4CF3DEBE278BDC8800BAAF6C /* Udemy_UnitTestingSwiftMobileAppTests.swift */ = {isa = PBXFileReference; lastKnownFileType = sourcecode.swift; path = Udemy_UnitTestingSwiftMobileAppTests.swift; sourceTree = "<group>"; };
		4CF3DEC4278BDC8800BAAF6C /* Udemy_UnitTestingSwiftMobileAppUITests.xctest */ = {isa = PBXFileReference; explicitFileType = wrapper.cfbundle; includeInIndex = 0; path = Udemy_UnitTestingSwiftMobileAppUITests.xctest; sourceTree = BUILT_PRODUCTS_DIR; };
		4CF3DEC8278BDC8800BAAF6C /* Udemy_UnitTestingSwiftMobileAppUITests.swift */ = {isa = PBXFileReference; lastKnownFileType = sourcecode.swift; path = Udemy_UnitTestingSwiftMobileAppUITests.swift; sourceTree = "<group>"; };
		4CF3DECA278BDC8800BAAF6C /* Udemy_UnitTestingSwiftMobileAppUITestsLaunchTests.swift */ = {isa = PBXFileReference; lastKnownFileType = sourcecode.swift; path = Udemy_UnitTestingSwiftMobileAppUITestsLaunchTests.swift; sourceTree = "<group>"; };
		4CF3DED7278C074400BAAF6C /* UserModelTest.swift */ = {isa = PBXFileReference; lastKnownFileType = sourcecode.swift; path = UserModelTest.swift; sourceTree = "<group>"; };
/* End PBXFileReference section */

/* Begin PBXFrameworksBuildPhase section */
		4CF3DEA1278BDC8700BAAF6C /* Frameworks */ = {
			isa = PBXFrameworksBuildPhase;
			buildActionMask = 2147483647;
			files = (
			);
			runOnlyForDeploymentPostprocessing = 0;
		};
		4CF3DEB7278BDC8800BAAF6C /* Frameworks */ = {
			isa = PBXFrameworksBuildPhase;
			buildActionMask = 2147483647;
			files = (
			);
			runOnlyForDeploymentPostprocessing = 0;
		};
		4CF3DEC1278BDC8800BAAF6C /* Frameworks */ = {
			isa = PBXFrameworksBuildPhase;
			buildActionMask = 2147483647;
			files = (
			);
			runOnlyForDeploymentPostprocessing = 0;
		};
/* End PBXFrameworksBuildPhase section */

/* Begin PBXGroup section */
		36EBDB372798127500EB435C /* SignUp */ = {
			isa = PBXGroup;
			children = (
				36EBDB3A2798130600EB435C /* Network */,
				36EBDB39279812D100EB435C /* Controllers */,
				36EBDB382798128B00EB435C /* Models */,
				361996792798766300B4048A /* SignUpPresenter.swift */,
			);
			path = SignUp;
			sourceTree = "<group>";
		};
		36EBDB382798128B00EB435C /* Models */ = {
			isa = PBXGroup;
			children = (
				36ECD11E278E941D00557DB1 /* SignUpConstants.swift */,
				36ECD11C278E8AA500557DB1 /* SignUpFormModelValidator.swift */,
				36EBDB3127980FCA00EB435C /* SignUpFormRequestModel.swift */,
				36EBDB332798117300EB435C /* SignUpResponseModel.swift */,
				36EBDB352798120200EB435C /* SignUpError.swift */,
				361996772798754E00B4048A /* SignupFormModel.swift */,
				362618DA27A0683300A1E206 /* CharacterFormError.swift */,
				362618DC27A0685600A1E206 /* CharacterFormModelValidator.swift */,
			);
			path = Models;
			sourceTree = "<group>";
		};
		36EBDB39279812D100EB435C /* Controllers */ = {
			isa = PBXGroup;
			children = (
				4CF3DEAB278BDC8800BAAF6C /* ViewController.swift */,
				362618D227A05A3500A1E206 /* LoadingViewController.swift */,
				362618D427A05AE200A1E206 /* XIBViewController.swift */,
				362618D527A05AE200A1E206 /* XIBViewController.xib */,
				362618D827A05BB900A1E206 /* CodeBasedViewController.swift */,
				3625BA3927A43EAD00716CC8 /* LoginViewController.swift */,
			);
			path = Controllers;
			sourceTree = "<group>";
		};
		36EBDB3A2798130600EB435C /* Network */ = {
			isa = PBXGroup;
			children = (
				36EBDB2F27980EFF00EB435C /* SignUpWebServices.swift */,
			);
			path = Network;
			sourceTree = "<group>";
		};
		36EBDB3B2798132300EB435C /* SignUp */ = {
			isa = PBXGroup;
			children = (
				36EBDB3D2798132F00EB435C /* Network */,
				36EBDB3C2798132A00EB435C /* Models */,
				36EBDB3E2798500400EB435C /* MockUrlProtocol.swift */,
				361996752798745E00B4048A /* SignUpPresenterTests.swift */,
				3619967B2798773700B4048A /* MockSignUpModelValidator.swift */,
			);
			path = SignUp;
			sourceTree = "<group>";
		};
		36EBDB3C2798132A00EB435C /* Models */ = {
			isa = PBXGroup;
			children = (
				36ECD11A278E89C600557DB1 /* SignUpFormModelValidatorTest.swift */,
			);
			path = Models;
			sourceTree = "<group>";
		};
		36EBDB3D2798132F00EB435C /* Network */ = {
			isa = PBXGroup;
			children = (
				36EBDB2D27980E7D00EB435C /* SignupWebServiceTests.swift */,
			);
			path = Network;
			sourceTree = "<group>";
		};
		4CF3DE9B278BDC8700BAAF6C = {
			isa = PBXGroup;
			children = (
				4CF3DEA6278BDC8800BAAF6C /* Udemy_UnitTestingSwiftMobileApp */,
				4CF3DEBD278BDC8800BAAF6C /* Udemy_UnitTestingSwiftMobileAppTests */,
				4CF3DEC7278BDC8800BAAF6C /* Udemy_UnitTestingSwiftMobileAppUITests */,
				4CF3DEA5278BDC8800BAAF6C /* Products */,
			);
			sourceTree = "<group>";
		};
		4CF3DEA5278BDC8800BAAF6C /* Products */ = {
			isa = PBXGroup;
			children = (
				4CF3DEA4278BDC8800BAAF6C /* Udemy_UnitTestingSwiftMobileApp.app */,
				4CF3DEBA278BDC8800BAAF6C /* Udemy_UnitTestingSwiftMobileAppTests.xctest */,
				4CF3DEC4278BDC8800BAAF6C /* Udemy_UnitTestingSwiftMobileAppUITests.xctest */,
			);
			name = Products;
			sourceTree = "<group>";
		};
		4CF3DEA6278BDC8800BAAF6C /* Udemy_UnitTestingSwiftMobileApp */ = {
			isa = PBXGroup;
			children = (
				36EBDB372798127500EB435C /* SignUp */,
				4CF3DEA7278BDC8800BAAF6C /* AppDelegate.swift */,
				4CF3DEA9278BDC8800BAAF6C /* SceneDelegate.swift */,
				4CF3DEAD278BDC8800BAAF6C /* Main.storyboard */,
				4CF3DEB0278BDC8800BAAF6C /* Assets.xcassets */,
				4CF3DEB2278BDC8800BAAF6C /* LaunchScreen.storyboard */,
				4CF3DEB5278BDC8800BAAF6C /* Info.plist */,
			);
			path = Udemy_UnitTestingSwiftMobileApp;
			sourceTree = "<group>";
		};
		4CF3DEBD278BDC8800BAAF6C /* Udemy_UnitTestingSwiftMobileAppTests */ = {
			isa = PBXGroup;
			children = (
				36EBDB3B2798132300EB435C /* SignUp */,
				4CF3DEBE278BDC8800BAAF6C /* Udemy_UnitTestingSwiftMobileAppTests.swift */,
				4CF3DED7278C074400BAAF6C /* UserModelTest.swift */,
				362618C9279EFAF000A1E206 /* ViewControllerTest.swift */,
				362618D027A059D500A1E206 /* LoadingViewControllerTest.swift */,
				362618DE27A0691F00A1E206 /* CharacterFormTest.swift */,
				3625BA3B27A4401300716CC8 /* LoginViewControllerTest.swift */,
			);
			path = Udemy_UnitTestingSwiftMobileAppTests;
			sourceTree = "<group>";
		};
		4CF3DEC7278BDC8800BAAF6C /* Udemy_UnitTestingSwiftMobileAppUITests */ = {
			isa = PBXGroup;
			children = (
				4CF3DEC8278BDC8800BAAF6C /* Udemy_UnitTestingSwiftMobileAppUITests.swift */,
				4CF3DECA278BDC8800BAAF6C /* Udemy_UnitTestingSwiftMobileAppUITestsLaunchTests.swift */,
			);
			path = Udemy_UnitTestingSwiftMobileAppUITests;
			sourceTree = "<group>";
		};
/* End PBXGroup section */

/* Begin PBXNativeTarget section */
		4CF3DEA3278BDC8700BAAF6C /* Udemy_UnitTestingSwiftMobileApp */ = {
			isa = PBXNativeTarget;
			buildConfigurationList = 4CF3DECE278BDC8800BAAF6C /* Build configuration list for PBXNativeTarget "Udemy_UnitTestingSwiftMobileApp" */;
			buildPhases = (
				4CF3DEA0278BDC8700BAAF6C /* Sources */,
				4CF3DEA1278BDC8700BAAF6C /* Frameworks */,
				4CF3DEA2278BDC8700BAAF6C /* Resources */,
			);
			buildRules = (
			);
			dependencies = (
			);
			name = Udemy_UnitTestingSwiftMobileApp;
			productName = Udemy_UnitTestingSwiftMobileApp;
			productReference = 4CF3DEA4278BDC8800BAAF6C /* Udemy_UnitTestingSwiftMobileApp.app */;
			productType = "com.apple.product-type.application";
		};
		4CF3DEB9278BDC8800BAAF6C /* Udemy_UnitTestingSwiftMobileAppTests */ = {
			isa = PBXNativeTarget;
			buildConfigurationList = 4CF3DED1278BDC8800BAAF6C /* Build configuration list for PBXNativeTarget "Udemy_UnitTestingSwiftMobileAppTests" */;
			buildPhases = (
				4CF3DEB6278BDC8800BAAF6C /* Sources */,
				4CF3DEB7278BDC8800BAAF6C /* Frameworks */,
				4CF3DEB8278BDC8800BAAF6C /* Resources */,
			);
			buildRules = (
			);
			dependencies = (
				4CF3DEBC278BDC8800BAAF6C /* PBXTargetDependency */,
			);
			name = Udemy_UnitTestingSwiftMobileAppTests;
			productName = Udemy_UnitTestingSwiftMobileAppTests;
			productReference = 4CF3DEBA278BDC8800BAAF6C /* Udemy_UnitTestingSwiftMobileAppTests.xctest */;
			productType = "com.apple.product-type.bundle.unit-test";
		};
		4CF3DEC3278BDC8800BAAF6C /* Udemy_UnitTestingSwiftMobileAppUITests */ = {
			isa = PBXNativeTarget;
			buildConfigurationList = 4CF3DED4278BDC8800BAAF6C /* Build configuration list for PBXNativeTarget "Udemy_UnitTestingSwiftMobileAppUITests" */;
			buildPhases = (
				4CF3DEC0278BDC8800BAAF6C /* Sources */,
				4CF3DEC1278BDC8800BAAF6C /* Frameworks */,
				4CF3DEC2278BDC8800BAAF6C /* Resources */,
			);
			buildRules = (
			);
			dependencies = (
				4CF3DEC6278BDC8800BAAF6C /* PBXTargetDependency */,
			);
			name = Udemy_UnitTestingSwiftMobileAppUITests;
			productName = Udemy_UnitTestingSwiftMobileAppUITests;
			productReference = 4CF3DEC4278BDC8800BAAF6C /* Udemy_UnitTestingSwiftMobileAppUITests.xctest */;
			productType = "com.apple.product-type.bundle.ui-testing";
		};
/* End PBXNativeTarget section */

/* Begin PBXProject section */
		4CF3DE9C278BDC8700BAAF6C /* Project object */ = {
			isa = PBXProject;
			attributes = {
				BuildIndependentTargetsInParallel = 1;
				LastSwiftUpdateCheck = 1320;
				LastUpgradeCheck = 1320;
				TargetAttributes = {
					4CF3DEA3278BDC8700BAAF6C = {
						CreatedOnToolsVersion = 13.2.1;
					};
					4CF3DEB9278BDC8800BAAF6C = {
						CreatedOnToolsVersion = 13.2.1;
						TestTargetID = 4CF3DEA3278BDC8700BAAF6C;
					};
					4CF3DEC3278BDC8800BAAF6C = {
						CreatedOnToolsVersion = 13.2.1;
						TestTargetID = 4CF3DEA3278BDC8700BAAF6C;
					};
				};
			};
			buildConfigurationList = 4CF3DE9F278BDC8700BAAF6C /* Build configuration list for PBXProject "Udemy_UnitTestingSwiftMobileApp" */;
			compatibilityVersion = "Xcode 13.0";
			developmentRegion = en;
			hasScannedForEncodings = 0;
			knownRegions = (
				en,
				Base,
			);
			mainGroup = 4CF3DE9B278BDC8700BAAF6C;
			productRefGroup = 4CF3DEA5278BDC8800BAAF6C /* Products */;
			projectDirPath = "";
			projectRoot = "";
			targets = (
				4CF3DEA3278BDC8700BAAF6C /* Udemy_UnitTestingSwiftMobileApp */,
				4CF3DEB9278BDC8800BAAF6C /* Udemy_UnitTestingSwiftMobileAppTests */,
				4CF3DEC3278BDC8800BAAF6C /* Udemy_UnitTestingSwiftMobileAppUITests */,
			);
		};
/* End PBXProject section */

/* Begin PBXResourcesBuildPhase section */
		4CF3DEA2278BDC8700BAAF6C /* Resources */ = {
			isa = PBXResourcesBuildPhase;
			buildActionMask = 2147483647;
			files = (
				362618D727A05AE200A1E206 /* XIBViewController.xib in Resources */,
				4CF3DEB4278BDC8800BAAF6C /* LaunchScreen.storyboard in Resources */,
				4CF3DEB1278BDC8800BAAF6C /* Assets.xcassets in Resources */,
				4CF3DEAF278BDC8800BAAF6C /* Main.storyboard in Resources */,
			);
			runOnlyForDeploymentPostprocessing = 0;
		};
		4CF3DEB8278BDC8800BAAF6C /* Resources */ = {
			isa = PBXResourcesBuildPhase;
			buildActionMask = 2147483647;
			files = (
			);
			runOnlyForDeploymentPostprocessing = 0;
		};
		4CF3DEC2278BDC8800BAAF6C /* Resources */ = {
			isa = PBXResourcesBuildPhase;
			buildActionMask = 2147483647;
			files = (
			);
			runOnlyForDeploymentPostprocessing = 0;
		};
/* End PBXResourcesBuildPhase section */

/* Begin PBXSourcesBuildPhase section */
		4CF3DEA0278BDC8700BAAF6C /* Sources */ = {
			isa = PBXSourcesBuildPhase;
			buildActionMask = 2147483647;
			files = (
				36EBDB342798117300EB435C /* SignUpResponseModel.swift in Sources */,
				36EBDB3027980EFF00EB435C /* SignUpWebServices.swift in Sources */,
				4CF3DEAC278BDC8800BAAF6C /* ViewController.swift in Sources */,
				36EBDB3227980FCA00EB435C /* SignUpFormRequestModel.swift in Sources */,
				36EBDB362798120200EB435C /* SignUpError.swift in Sources */,
				361996782798754E00B4048A /* SignupFormModel.swift in Sources */,
				4CF3DEA8278BDC8800BAAF6C /* AppDelegate.swift in Sources */,
				362618DB27A0683300A1E206 /* CharacterFormError.swift in Sources */,
				36ECD11D278E8AA500557DB1 /* SignUpFormModelValidator.swift in Sources */,
				362618D627A05AE200A1E206 /* XIBViewController.swift in Sources */,
				362618D927A05BB900A1E206 /* CodeBasedViewController.swift in Sources */,
				4CF3DEAA278BDC8800BAAF6C /* SceneDelegate.swift in Sources */,
				362618DD27A0685600A1E206 /* CharacterFormModelValidator.swift in Sources */,
				3625BA3A27A43EAD00716CC8 /* LoginViewController.swift in Sources */,
				3619967A2798766300B4048A /* SignUpPresenter.swift in Sources */,
				36ECD11F278E941D00557DB1 /* SignUpConstants.swift in Sources */,
				362618D327A05A3500A1E206 /* LoadingViewController.swift in Sources */,
			);
			runOnlyForDeploymentPostprocessing = 0;
		};
		4CF3DEB6278BDC8800BAAF6C /* Sources */ = {
			isa = PBXSourcesBuildPhase;
			buildActionMask = 2147483647;
			files = (
				361996762798745E00B4048A /* SignUpPresenterTests.swift in Sources */,
				3625BA3C27A4401300716CC8 /* LoginViewControllerTest.swift in Sources */,
				362618D127A059D500A1E206 /* LoadingViewControllerTest.swift in Sources */,
				4CF3DED8278C074400BAAF6C /* UserModelTest.swift in Sources */,
				362618CA279EFAF000A1E206 /* ViewControllerTest.swift in Sources */,
				36ECD11B278E89C600557DB1 /* SignUpFormModelValidatorTest.swift in Sources */,
				362618DF27A0691F00A1E206 /* CharacterFormTest.swift in Sources */,
				36EBDB2E27980E7D00EB435C /* SignupWebServiceTests.swift in Sources */,
				4CF3DEBF278BDC8800BAAF6C /* Udemy_UnitTestingSwiftMobileAppTests.swift in Sources */,
				3619967C2798773700B4048A /* MockSignUpModelValidator.swift in Sources */,
				36EBDB3F2798500400EB435C /* MockUrlProtocol.swift in Sources */,
			);
			runOnlyForDeploymentPostprocessing = 0;
		};
		4CF3DEC0278BDC8800BAAF6C /* Sources */ = {
			isa = PBXSourcesBuildPhase;
			buildActionMask = 2147483647;
			files = (
				4CF3DECB278BDC8800BAAF6C /* Udemy_UnitTestingSwiftMobileAppUITestsLaunchTests.swift in Sources */,
				4CF3DEC9278BDC8800BAAF6C /* Udemy_UnitTestingSwiftMobileAppUITests.swift in Sources */,
			);
			runOnlyForDeploymentPostprocessing = 0;
		};
/* End PBXSourcesBuildPhase section */

/* Begin PBXTargetDependency section */
		4CF3DEBC278BDC8800BAAF6C /* PBXTargetDependency */ = {
			isa = PBXTargetDependency;
			target = 4CF3DEA3278BDC8700BAAF6C /* Udemy_UnitTestingSwiftMobileApp */;
			targetProxy = 4CF3DEBB278BDC8800BAAF6C /* PBXContainerItemProxy */;
		};
		4CF3DEC6278BDC8800BAAF6C /* PBXTargetDependency */ = {
			isa = PBXTargetDependency;
			target = 4CF3DEA3278BDC8700BAAF6C /* Udemy_UnitTestingSwiftMobileApp */;
			targetProxy = 4CF3DEC5278BDC8800BAAF6C /* PBXContainerItemProxy */;
		};
/* End PBXTargetDependency section */

/* Begin PBXVariantGroup section */
		4CF3DEAD278BDC8800BAAF6C /* Main.storyboard */ = {
			isa = PBXVariantGroup;
			children = (
				4CF3DEAE278BDC8800BAAF6C /* Base */,
			);
			name = Main.storyboard;
			sourceTree = "<group>";
		};
		4CF3DEB2278BDC8800BAAF6C /* LaunchScreen.storyboard */ = {
			isa = PBXVariantGroup;
			children = (
				4CF3DEB3278BDC8800BAAF6C /* Base */,
			);
			name = LaunchScreen.storyboard;
			sourceTree = "<group>";
		};
/* End PBXVariantGroup section */

/* Begin XCBuildConfiguration section */
		4CF3DECC278BDC8800BAAF6C /* Debug */ = {
			isa = XCBuildConfiguration;
			buildSettings = {
				ALWAYS_SEARCH_USER_PATHS = NO;
				CLANG_ANALYZER_NONNULL = YES;
				CLANG_ANALYZER_NUMBER_OBJECT_CONVERSION = YES_AGGRESSIVE;
				CLANG_CXX_LANGUAGE_STANDARD = "gnu++17";
				CLANG_CXX_LIBRARY = "libc++";
				CLANG_ENABLE_MODULES = YES;
				CLANG_ENABLE_OBJC_ARC = YES;
				CLANG_ENABLE_OBJC_WEAK = YES;
				CLANG_WARN_BLOCK_CAPTURE_AUTORELEASING = YES;
				CLANG_WARN_BOOL_CONVERSION = YES;
				CLANG_WARN_COMMA = YES;
				CLANG_WARN_CONSTANT_CONVERSION = YES;
				CLANG_WARN_DEPRECATED_OBJC_IMPLEMENTATIONS = YES;
				CLANG_WARN_DIRECT_OBJC_ISA_USAGE = YES_ERROR;
				CLANG_WARN_DOCUMENTATION_COMMENTS = YES;
				CLANG_WARN_EMPTY_BODY = YES;
				CLANG_WARN_ENUM_CONVERSION = YES;
				CLANG_WARN_INFINITE_RECURSION = YES;
				CLANG_WARN_INT_CONVERSION = YES;
				CLANG_WARN_NON_LITERAL_NULL_CONVERSION = YES;
				CLANG_WARN_OBJC_IMPLICIT_RETAIN_SELF = YES;
				CLANG_WARN_OBJC_LITERAL_CONVERSION = YES;
				CLANG_WARN_OBJC_ROOT_CLASS = YES_ERROR;
				CLANG_WARN_QUOTED_INCLUDE_IN_FRAMEWORK_HEADER = YES;
				CLANG_WARN_RANGE_LOOP_ANALYSIS = YES;
				CLANG_WARN_STRICT_PROTOTYPES = YES;
				CLANG_WARN_SUSPICIOUS_MOVE = YES;
				CLANG_WARN_UNGUARDED_AVAILABILITY = YES_AGGRESSIVE;
				CLANG_WARN_UNREACHABLE_CODE = YES;
				CLANG_WARN__DUPLICATE_METHOD_MATCH = YES;
				COPY_PHASE_STRIP = NO;
				DEBUG_INFORMATION_FORMAT = dwarf;
				ENABLE_STRICT_OBJC_MSGSEND = YES;
				ENABLE_TESTABILITY = YES;
				GCC_C_LANGUAGE_STANDARD = gnu11;
				GCC_DYNAMIC_NO_PIC = NO;
				GCC_NO_COMMON_BLOCKS = YES;
				GCC_OPTIMIZATION_LEVEL = 0;
				GCC_PREPROCESSOR_DEFINITIONS = (
					"DEBUG=1",
					"$(inherited)",
				);
				GCC_WARN_64_TO_32_BIT_CONVERSION = YES;
				GCC_WARN_ABOUT_RETURN_TYPE = YES_ERROR;
				GCC_WARN_UNDECLARED_SELECTOR = YES;
				GCC_WARN_UNINITIALIZED_AUTOS = YES_AGGRESSIVE;
				GCC_WARN_UNUSED_FUNCTION = YES;
				GCC_WARN_UNUSED_VARIABLE = YES;
				IPHONEOS_DEPLOYMENT_TARGET = 15.2;
				MTL_ENABLE_DEBUG_INFO = INCLUDE_SOURCE;
				MTL_FAST_MATH = YES;
				ONLY_ACTIVE_ARCH = YES;
				SDKROOT = iphoneos;
				SWIFT_ACTIVE_COMPILATION_CONDITIONS = DEBUG;
				SWIFT_OPTIMIZATION_LEVEL = "-Onone";
			};
			name = Debug;
		};
		4CF3DECD278BDC8800BAAF6C /* Release */ = {
			isa = XCBuildConfiguration;
			buildSettings = {
				ALWAYS_SEARCH_USER_PATHS = NO;
				CLANG_ANALYZER_NONNULL = YES;
				CLANG_ANALYZER_NUMBER_OBJECT_CONVERSION = YES_AGGRESSIVE;
				CLANG_CXX_LANGUAGE_STANDARD = "gnu++17";
				CLANG_CXX_LIBRARY = "libc++";
				CLANG_ENABLE_MODULES = YES;
				CLANG_ENABLE_OBJC_ARC = YES;
				CLANG_ENABLE_OBJC_WEAK = YES;
				CLANG_WARN_BLOCK_CAPTURE_AUTORELEASING = YES;
				CLANG_WARN_BOOL_CONVERSION = YES;
				CLANG_WARN_COMMA = YES;
				CLANG_WARN_CONSTANT_CONVERSION = YES;
				CLANG_WARN_DEPRECATED_OBJC_IMPLEMENTATIONS = YES;
				CLANG_WARN_DIRECT_OBJC_ISA_USAGE = YES_ERROR;
				CLANG_WARN_DOCUMENTATION_COMMENTS = YES;
				CLANG_WARN_EMPTY_BODY = YES;
				CLANG_WARN_ENUM_CONVERSION = YES;
				CLANG_WARN_INFINITE_RECURSION = YES;
				CLANG_WARN_INT_CONVERSION = YES;
				CLANG_WARN_NON_LITERAL_NULL_CONVERSION = YES;
				CLANG_WARN_OBJC_IMPLICIT_RETAIN_SELF = YES;
				CLANG_WARN_OBJC_LITERAL_CONVERSION = YES;
				CLANG_WARN_OBJC_ROOT_CLASS = YES_ERROR;
				CLANG_WARN_QUOTED_INCLUDE_IN_FRAMEWORK_HEADER = YES;
				CLANG_WARN_RANGE_LOOP_ANALYSIS = YES;
				CLANG_WARN_STRICT_PROTOTYPES = YES;
				CLANG_WARN_SUSPICIOUS_MOVE = YES;
				CLANG_WARN_UNGUARDED_AVAILABILITY = YES_AGGRESSIVE;
				CLANG_WARN_UNREACHABLE_CODE = YES;
				CLANG_WARN__DUPLICATE_METHOD_MATCH = YES;
				COPY_PHASE_STRIP = NO;
				DEBUG_INFORMATION_FORMAT = "dwarf-with-dsym";
				ENABLE_NS_ASSERTIONS = NO;
				ENABLE_STRICT_OBJC_MSGSEND = YES;
				GCC_C_LANGUAGE_STANDARD = gnu11;
				GCC_NO_COMMON_BLOCKS = YES;
				GCC_WARN_64_TO_32_BIT_CONVERSION = YES;
				GCC_WARN_ABOUT_RETURN_TYPE = YES_ERROR;
				GCC_WARN_UNDECLARED_SELECTOR = YES;
				GCC_WARN_UNINITIALIZED_AUTOS = YES_AGGRESSIVE;
				GCC_WARN_UNUSED_FUNCTION = YES;
				GCC_WARN_UNUSED_VARIABLE = YES;
				IPHONEOS_DEPLOYMENT_TARGET = 15.2;
				MTL_ENABLE_DEBUG_INFO = NO;
				MTL_FAST_MATH = YES;
				SDKROOT = iphoneos;
				SWIFT_COMPILATION_MODE = wholemodule;
				SWIFT_OPTIMIZATION_LEVEL = "-O";
				VALIDATE_PRODUCT = YES;
			};
			name = Release;
		};
		4CF3DECF278BDC8800BAAF6C /* Debug */ = {
			isa = XCBuildConfiguration;
			buildSettings = {
				ASSETCATALOG_COMPILER_APPICON_NAME = AppIcon;
				ASSETCATALOG_COMPILER_GLOBAL_ACCENT_COLOR_NAME = AccentColor;
				CODE_SIGN_STYLE = Automatic;
				CURRENT_PROJECT_VERSION = 1;
				DEVELOPMENT_TEAM = PDF8XXXYH9;
				GENERATE_INFOPLIST_FILE = YES;
				INFOPLIST_FILE = Udemy_UnitTestingSwiftMobileApp/Info.plist;
				INFOPLIST_KEY_UIApplicationSupportsIndirectInputEvents = YES;
				INFOPLIST_KEY_UILaunchStoryboardName = LaunchScreen;
				INFOPLIST_KEY_UIMainStoryboardFile = Main;
				INFOPLIST_KEY_UISupportedInterfaceOrientations_iPad = "UIInterfaceOrientationPortrait UIInterfaceOrientationPortraitUpsideDown UIInterfaceOrientationLandscapeLeft UIInterfaceOrientationLandscapeRight";
				INFOPLIST_KEY_UISupportedInterfaceOrientations_iPhone = "UIInterfaceOrientationPortrait UIInterfaceOrientationLandscapeLeft UIInterfaceOrientationLandscapeRight";
				LD_RUNPATH_SEARCH_PATHS = (
					"$(inherited)",
					"@executable_path/Frameworks",
				);
				MARKETING_VERSION = 1.0;
				PRODUCT_BUNDLE_IDENTIFIER = "kakao.Udemy-UnitTestingSwiftMobileApp";
				PRODUCT_NAME = "$(TARGET_NAME)";
				SWIFT_EMIT_LOC_STRINGS = YES;
				SWIFT_VERSION = 5.0;
				TARGETED_DEVICE_FAMILY = "1,2";
			};
			name = Debug;
		};
		4CF3DED0278BDC8800BAAF6C /* Release */ = {
			isa = XCBuildConfiguration;
			buildSettings = {
				ASSETCATALOG_COMPILER_APPICON_NAME = AppIcon;
				ASSETCATALOG_COMPILER_GLOBAL_ACCENT_COLOR_NAME = AccentColor;
				CODE_SIGN_STYLE = Automatic;
				CURRENT_PROJECT_VERSION = 1;
				DEVELOPMENT_TEAM = PDF8XXXYH9;
				GENERATE_INFOPLIST_FILE = YES;
				INFOPLIST_FILE = Udemy_UnitTestingSwiftMobileApp/Info.plist;
				INFOPLIST_KEY_UIApplicationSupportsIndirectInputEvents = YES;
				INFOPLIST_KEY_UILaunchStoryboardName = LaunchScreen;
				INFOPLIST_KEY_UIMainStoryboardFile = Main;
				INFOPLIST_KEY_UISupportedInterfaceOrientations_iPad = "UIInterfaceOrientationPortrait UIInterfaceOrientationPortraitUpsideDown UIInterfaceOrientationLandscapeLeft UIInterfaceOrientationLandscapeRight";
				INFOPLIST_KEY_UISupportedInterfaceOrientations_iPhone = "UIInterfaceOrientationPortrait UIInterfaceOrientationLandscapeLeft UIInterfaceOrientationLandscapeRight";
				LD_RUNPATH_SEARCH_PATHS = (
					"$(inherited)",
					"@executable_path/Frameworks",
				);
				MARKETING_VERSION = 1.0;
				PRODUCT_BUNDLE_IDENTIFIER = "kakao.Udemy-UnitTestingSwiftMobileApp";
				PRODUCT_NAME = "$(TARGET_NAME)";
				SWIFT_EMIT_LOC_STRINGS = YES;
				SWIFT_VERSION = 5.0;
				TARGETED_DEVICE_FAMILY = "1,2";
			};
			name = Release;
		};
		4CF3DED2278BDC8800BAAF6C /* Debug */ = {
			isa = XCBuildConfiguration;
			buildSettings = {
				ALWAYS_EMBED_SWIFT_STANDARD_LIBRARIES = YES;
				BUNDLE_LOADER = "$(TEST_HOST)";
				CODE_SIGN_STYLE = Automatic;
				CURRENT_PROJECT_VERSION = 1;
				GENERATE_INFOPLIST_FILE = YES;
				IPHONEOS_DEPLOYMENT_TARGET = 15.2;
				MARKETING_VERSION = 1.0;
				PRODUCT_BUNDLE_IDENTIFIER = "kakao.Udemy-UnitTestingSwiftMobileAppTests";
				PRODUCT_NAME = "$(TARGET_NAME)";
				SWIFT_EMIT_LOC_STRINGS = NO;
				SWIFT_VERSION = 5.0;
				TARGETED_DEVICE_FAMILY = "1,2";
				TEST_HOST = "$(BUILT_PRODUCTS_DIR)/Udemy_UnitTestingSwiftMobileApp.app/Udemy_UnitTestingSwiftMobileApp";
			};
			name = Debug;
		};
		4CF3DED3278BDC8800BAAF6C /* Release */ = {
			isa = XCBuildConfiguration;
			buildSettings = {
				ALWAYS_EMBED_SWIFT_STANDARD_LIBRARIES = YES;
				BUNDLE_LOADER = "$(TEST_HOST)";
				CODE_SIGN_STYLE = Automatic;
				CURRENT_PROJECT_VERSION = 1;
				GENERATE_INFOPLIST_FILE = YES;
				IPHONEOS_DEPLOYMENT_TARGET = 15.2;
				MARKETING_VERSION = 1.0;
				PRODUCT_BUNDLE_IDENTIFIER = "kakao.Udemy-UnitTestingSwiftMobileAppTests";
				PRODUCT_NAME = "$(TARGET_NAME)";
				SWIFT_EMIT_LOC_STRINGS = NO;
				SWIFT_VERSION = 5.0;
				TARGETED_DEVICE_FAMILY = "1,2";
				TEST_HOST = "$(BUILT_PRODUCTS_DIR)/Udemy_UnitTestingSwiftMobileApp.app/Udemy_UnitTestingSwiftMobileApp";
			};
			name = Release;
		};
		4CF3DED5278BDC8800BAAF6C /* Debug */ = {
			isa = XCBuildConfiguration;
			buildSettings = {
				ALWAYS_EMBED_SWIFT_STANDARD_LIBRARIES = YES;
				CODE_SIGN_STYLE = Automatic;
				CURRENT_PROJECT_VERSION = 1;
				GENERATE_INFOPLIST_FILE = YES;
				MARKETING_VERSION = 1.0;
				PRODUCT_BUNDLE_IDENTIFIER = "kakao.Udemy-UnitTestingSwiftMobileAppUITests";
				PRODUCT_NAME = "$(TARGET_NAME)";
				SWIFT_EMIT_LOC_STRINGS = NO;
				SWIFT_VERSION = 5.0;
				TARGETED_DEVICE_FAMILY = "1,2";
				TEST_TARGET_NAME = Udemy_UnitTestingSwiftMobileApp;
			};
			name = Debug;
		};
		4CF3DED6278BDC8800BAAF6C /* Release */ = {
			isa = XCBuildConfiguration;
			buildSettings = {
				ALWAYS_EMBED_SWIFT_STANDARD_LIBRARIES = YES;
				CODE_SIGN_STYLE = Automatic;
				CURRENT_PROJECT_VERSION = 1;
				GENERATE_INFOPLIST_FILE = YES;
				MARKETING_VERSION = 1.0;
				PRODUCT_BUNDLE_IDENTIFIER = "kakao.Udemy-UnitTestingSwiftMobileAppUITests";
				PRODUCT_NAME = "$(TARGET_NAME)";
				SWIFT_EMIT_LOC_STRINGS = NO;
				SWIFT_VERSION = 5.0;
				TARGETED_DEVICE_FAMILY = "1,2";
				TEST_TARGET_NAME = Udemy_UnitTestingSwiftMobileApp;
			};
			name = Release;
		};
/* End XCBuildConfiguration section */

/* Begin XCConfigurationList section */
		4CF3DE9F278BDC8700BAAF6C /* Build configuration list for PBXProject "Udemy_UnitTestingSwiftMobileApp" */ = {
			isa = XCConfigurationList;
			buildConfigurations = (
				4CF3DECC278BDC8800BAAF6C /* Debug */,
				4CF3DECD278BDC8800BAAF6C /* Release */,
			);
			defaultConfigurationIsVisible = 0;
			defaultConfigurationName = Release;
		};
		4CF3DECE278BDC8800BAAF6C /* Build configuration list for PBXNativeTarget "Udemy_UnitTestingSwiftMobileApp" */ = {
			isa = XCConfigurationList;
			buildConfigurations = (
				4CF3DECF278BDC8800BAAF6C /* Debug */,
				4CF3DED0278BDC8800BAAF6C /* Release */,
			);
			defaultConfigurationIsVisible = 0;
			defaultConfigurationName = Release;
		};
		4CF3DED1278BDC8800BAAF6C /* Build configuration list for PBXNativeTarget "Udemy_UnitTestingSwiftMobileAppTests" */ = {
			isa = XCConfigurationList;
			buildConfigurations = (
				4CF3DED2278BDC8800BAAF6C /* Debug */,
				4CF3DED3278BDC8800BAAF6C /* Release */,
			);
			defaultConfigurationIsVisible = 0;
			defaultConfigurationName = Release;
		};
		4CF3DED4278BDC8800BAAF6C /* Build configuration list for PBXNativeTarget "Udemy_UnitTestingSwiftMobileAppUITests" */ = {
			isa = XCConfigurationList;
			buildConfigurations = (
				4CF3DED5278BDC8800BAAF6C /* Debug */,
				4CF3DED6278BDC8800BAAF6C /* Release */,
			);
			defaultConfigurationIsVisible = 0;
			defaultConfigurationName = Release;
		};
/* End XCConfigurationList section */
	};
	rootObject = 4CF3DE9C278BDC8700BAAF6C /* Project object */;
}
